// !$*UTF8*$!
{
	archiveVersion = 1;
	classes = {
	};
	objectVersion = 56;
	objects = {

/* Begin PBXBuildFile section */
		8CAD360B29C1FA4200886AA6 /* AppDelegate.swift in Sources */ = {isa = PBXBuildFile; fileRef = 8CAD360A29C1FA4200886AA6 /* AppDelegate.swift */; };
		8CAD360D29C1FA4200886AA6 /* SceneDelegate.swift in Sources */ = {isa = PBXBuildFile; fileRef = 8CAD360C29C1FA4200886AA6 /* SceneDelegate.swift */; };
		8CAD360F29C1FA4200886AA6 /* AlbumViewController.swift in Sources */ = {isa = PBXBuildFile; fileRef = 8CAD360E29C1FA4200886AA6 /* AlbumViewController.swift */; };
		8CAD361429C1FA4800886AA6 /* Assets.xcassets in Resources */ = {isa = PBXBuildFile; fileRef = 8CAD361329C1FA4800886AA6 /* Assets.xcassets */; };
		8CAD361729C1FA4800886AA6 /* LaunchScreen.storyboard in Resources */ = {isa = PBXBuildFile; fileRef = 8CAD361529C1FA4800886AA6 /* LaunchScreen.storyboard */; };
		8CAD362529C2070600886AA6 /* SnapKit in Frameworks */ = {isa = PBXBuildFile; productRef = 8CAD362429C2070600886AA6 /* SnapKit */; };
		8CAD362729C2089700886AA6 /* AlbumsCollectionViewCell.swift in Sources */ = {isa = PBXBuildFile; fileRef = 8CAD362629C2089700886AA6 /* AlbumsCollectionViewCell.swift */; };
		8CAD362A29C2096C00886AA6 /* SharedAlbumsCollectionViewCell.swift in Sources */ = {isa = PBXBuildFile; fileRef = 8CAD362929C2096C00886AA6 /* SharedAlbumsCollectionViewCell.swift */; };
		8CAD362D29C210FA00886AA6 /* AlbumModel.swift in Sources */ = {isa = PBXBuildFile; fileRef = 8CAD362C29C210FA00886AA6 /* AlbumModel.swift */; };
/* End PBXBuildFile section */

/* Begin PBXFileReference section */
		8CAD360729C1FA4200886AA6 /* Photo-Album.app */ = {isa = PBXFileReference; explicitFileType = wrapper.application; includeInIndex = 0; path = "Photo-Album.app"; sourceTree = BUILT_PRODUCTS_DIR; };
		8CAD360A29C1FA4200886AA6 /* AppDelegate.swift */ = {isa = PBXFileReference; lastKnownFileType = sourcecode.swift; path = AppDelegate.swift; sourceTree = "<group>"; };
		8CAD360C29C1FA4200886AA6 /* SceneDelegate.swift */ = {isa = PBXFileReference; lastKnownFileType = sourcecode.swift; path = SceneDelegate.swift; sourceTree = "<group>"; };
		8CAD360E29C1FA4200886AA6 /* AlbumViewController.swift */ = {isa = PBXFileReference; lastKnownFileType = sourcecode.swift; path = AlbumViewController.swift; sourceTree = "<group>"; };
		8CAD361329C1FA4800886AA6 /* Assets.xcassets */ = {isa = PBXFileReference; lastKnownFileType = folder.assetcatalog; path = Assets.xcassets; sourceTree = "<group>"; };
		8CAD361629C1FA4800886AA6 /* Base */ = {isa = PBXFileReference; lastKnownFileType = file.storyboard; name = Base; path = Base.lproj/LaunchScreen.storyboard; sourceTree = "<group>"; };
		8CAD361829C1FA4800886AA6 /* Info.plist */ = {isa = PBXFileReference; lastKnownFileType = text.plist.xml; path = Info.plist; sourceTree = "<group>"; };
		8CAD362629C2089700886AA6 /* AlbumsCollectionViewCell.swift */ = {isa = PBXFileReference; lastKnownFileType = sourcecode.swift; path = AlbumsCollectionViewCell.swift; sourceTree = "<group>"; };
		8CAD362929C2096C00886AA6 /* SharedAlbumsCollectionViewCell.swift */ = {isa = PBXFileReference; lastKnownFileType = sourcecode.swift; path = SharedAlbumsCollectionViewCell.swift; sourceTree = "<group>"; };
		8CAD362C29C210FA00886AA6 /* AlbumModel.swift */ = {isa = PBXFileReference; lastKnownFileType = sourcecode.swift; path = AlbumModel.swift; sourceTree = "<group>"; };
/* End PBXFileReference section */

/* Begin PBXFrameworksBuildPhase section */
		8CAD360429C1FA4200886AA6 /* Frameworks */ = {
			isa = PBXFrameworksBuildPhase;
			buildActionMask = 2147483647;
			files = (
				8CAD362529C2070600886AA6 /* SnapKit in Frameworks */,
			);
			runOnlyForDeploymentPostprocessing = 0;
		};
/* End PBXFrameworksBuildPhase section */

/* Begin PBXGroup section */
		8CAD35FE29C1FA4200886AA6 = {
			isa = PBXGroup;
			children = (
				8CAD360929C1FA4200886AA6 /* Photo-Album */,
				8CAD360829C1FA4200886AA6 /* Products */,
			);
			sourceTree = "<group>";
		};
		8CAD360829C1FA4200886AA6 /* Products */ = {
			isa = PBXGroup;
			children = (
				8CAD360729C1FA4200886AA6 /* Photo-Album.app */,
			);
			name = Products;
			sourceTree = "<group>";
		};
		8CAD360929C1FA4200886AA6 /* Photo-Album */ = {
			isa = PBXGroup;
			children = (
				8CAD361F29C1FA5D00886AA6 /* Resources */,
				8CAD361E29C1FA5000886AA6 /* Sources */,
				8CAD360E29C1FA4200886AA6 /* AlbumViewController.swift */,
				8CAD362C29C210FA00886AA6 /* AlbumModel.swift */,
				8CAD362829C2092A00886AA6 /* Cells */,
				8CAD362B29C20AB700886AA6 /* TapBarControllers */,
			);
			path = "Photo-Album";
			sourceTree = "<group>";
		};
		8CAD361E29C1FA5000886AA6 /* Sources */ = {
			isa = PBXGroup;
			children = (
				8CAD362229C1FAAB00886AA6 /* App */,
				8CAD362129C1FA9C00886AA6 /* Storyboard */,
			);
			path = Sources;
			sourceTree = "<group>";
		};
		8CAD361F29C1FA5D00886AA6 /* Resources */ = {
			isa = PBXGroup;
			children = (
				8CAD362029C1FA7E00886AA6 /* Config */,
				8CAD361329C1FA4800886AA6 /* Assets.xcassets */,
			);
			path = Resources;
			sourceTree = "<group>";
		};
		8CAD362029C1FA7E00886AA6 /* Config */ = {
			isa = PBXGroup;
			children = (
				8CAD361829C1FA4800886AA6 /* Info.plist */,
			);
			path = Config;
			sourceTree = "<group>";
		};
		8CAD362129C1FA9C00886AA6 /* Storyboard */ = {
			isa = PBXGroup;
			children = (
				8CAD361529C1FA4800886AA6 /* LaunchScreen.storyboard */,
			);
			path = Storyboard;
			sourceTree = "<group>";
		};
		8CAD362229C1FAAB00886AA6 /* App */ = {
			isa = PBXGroup;
			children = (
				8CAD360A29C1FA4200886AA6 /* AppDelegate.swift */,
				8CAD360C29C1FA4200886AA6 /* SceneDelegate.swift */,
			);
			path = App;
			sourceTree = "<group>";
		};
		8CAD362829C2092A00886AA6 /* Cells */ = {
			isa = PBXGroup;
			children = (
				8CAD362629C2089700886AA6 /* AlbumsCollectionViewCell.swift */,
				8CAD362929C2096C00886AA6 /* SharedAlbumsCollectionViewCell.swift */,
			);
			path = Cells;
			sourceTree = "<group>";
		};
		8CAD362B29C20AB700886AA6 /* TapBarControllers */ = {
			isa = PBXGroup;
			children = (
			);
			path = TapBarControllers;
			sourceTree = "<group>";
		};
/* End PBXGroup section */

/* Begin PBXNativeTarget section */
		8CAD360629C1FA4200886AA6 /* Photo-Album */ = {
			isa = PBXNativeTarget;
			buildConfigurationList = 8CAD361B29C1FA4800886AA6 /* Build configuration list for PBXNativeTarget "Photo-Album" */;
			buildPhases = (
				8CAD360329C1FA4200886AA6 /* Sources */,
				8CAD360429C1FA4200886AA6 /* Frameworks */,
				8CAD360529C1FA4200886AA6 /* Resources */,
			);
			buildRules = (
			);
			dependencies = (
			);
			name = "Photo-Album";
			packageProductDependencies = (
				8CAD362429C2070600886AA6 /* SnapKit */,
			);
			productName = "Photo-Album";
			productReference = 8CAD360729C1FA4200886AA6 /* Photo-Album.app */;
			productType = "com.apple.product-type.application";
		};
/* End PBXNativeTarget section */

/* Begin PBXProject section */
		8CAD35FF29C1FA4200886AA6 /* Project object */ = {
			isa = PBXProject;
			attributes = {
				BuildIndependentTargetsInParallel = 1;
				LastSwiftUpdateCheck = 1410;
				LastUpgradeCheck = 1410;
				TargetAttributes = {
					8CAD360629C1FA4200886AA6 = {
						CreatedOnToolsVersion = 14.1;
					};
				};
			};
			buildConfigurationList = 8CAD360229C1FA4200886AA6 /* Build configuration list for PBXProject "Photo-Album" */;
			compatibilityVersion = "Xcode 14.0";
			developmentRegion = en;
			hasScannedForEncodings = 0;
			knownRegions = (
				en,
				Base,
			);
			mainGroup = 8CAD35FE29C1FA4200886AA6;
			packageReferences = (
				8CAD362329C2070600886AA6 /* XCRemoteSwiftPackageReference "SnapKit" */,
			);
			productRefGroup = 8CAD360829C1FA4200886AA6 /* Products */;
			projectDirPath = "";
			projectRoot = "";
			targets = (
				8CAD360629C1FA4200886AA6 /* Photo-Album */,
			);
		};
/* End PBXProject section */

/* Begin PBXResourcesBuildPhase section */
		8CAD360529C1FA4200886AA6 /* Resources */ = {
			isa = PBXResourcesBuildPhase;
			buildActionMask = 2147483647;
			files = (
				8CAD361729C1FA4800886AA6 /* LaunchScreen.storyboard in Resources */,
				8CAD361429C1FA4800886AA6 /* Assets.xcassets in Resources */,
			);
			runOnlyForDeploymentPostprocessing = 0;
		};
/* End PBXResourcesBuildPhase section */

/* Begin PBXSourcesBuildPhase section */
		8CAD360329C1FA4200886AA6 /* Sources */ = {
			isa = PBXSourcesBuildPhase;
			buildActionMask = 2147483647;
			files = (
				8CAD362729C2089700886AA6 /* AlbumsCollectionViewCell.swift in Sources */,
				8CAD362D29C210FA00886AA6 /* AlbumModel.swift in Sources */,
				8CAD360F29C1FA4200886AA6 /* AlbumViewController.swift in Sources */,
				8CAD360B29C1FA4200886AA6 /* AppDelegate.swift in Sources */,
				8CAD360D29C1FA4200886AA6 /* SceneDelegate.swift in Sources */,
				8CAD362A29C2096C00886AA6 /* SharedAlbumsCollectionViewCell.swift in Sources */,
			);
			runOnlyForDeploymentPostprocessing = 0;
		};
/* End PBXSourcesBuildPhase section */

/* Begin PBXVariantGroup section */
		8CAD361529C1FA4800886AA6 /* LaunchScreen.storyboard */ = {
			isa = PBXVariantGroup;
			children = (
				8CAD361629C1FA4800886AA6 /* Base */,
			);
			name = LaunchScreen.storyboard;
			sourceTree = "<group>";
		};
/* End PBXVariantGroup section */

/* Begin XCBuildConfiguration section */
		8CAD361929C1FA4800886AA6 /* Debug */ = {
			isa = XCBuildConfiguration;
			buildSettings = {
				ALWAYS_SEARCH_USER_PATHS = NO;
				CLANG_ANALYZER_NONNULL = YES;
				CLANG_ANALYZER_NUMBER_OBJECT_CONVERSION = YES_AGGRESSIVE;
				CLANG_CXX_LANGUAGE_STANDARD = "gnu++20";
				CLANG_ENABLE_MODULES = YES;
				CLANG_ENABLE_OBJC_ARC = YES;
				CLANG_ENABLE_OBJC_WEAK = YES;
				CLANG_WARN_BLOCK_CAPTURE_AUTORELEASING = YES;
				CLANG_WARN_BOOL_CONVERSION = YES;
				CLANG_WARN_COMMA = YES;
				CLANG_WARN_CONSTANT_CONVERSION = YES;
				CLANG_WARN_DEPRECATED_OBJC_IMPLEMENTATIONS = YES;
				CLANG_WARN_DIRECT_OBJC_ISA_USAGE = YES_ERROR;
				CLANG_WARN_DOCUMENTATION_COMMENTS = YES;
				CLANG_WARN_EMPTY_BODY = YES;
				CLANG_WARN_ENUM_CONVERSION = YES;
				CLANG_WARN_INFINITE_RECURSION = YES;
				CLANG_WARN_INT_CONVERSION = YES;
				CLANG_WARN_NON_LITERAL_NULL_CONVERSION = YES;
				CLANG_WARN_OBJC_IMPLICIT_RETAIN_SELF = YES;
				CLANG_WARN_OBJC_LITERAL_CONVERSION = YES;
				CLANG_WARN_OBJC_ROOT_CLASS = YES_ERROR;
				CLANG_WARN_QUOTED_INCLUDE_IN_FRAMEWORK_HEADER = YES;
				CLANG_WARN_RANGE_LOOP_ANALYSIS = YES;
				CLANG_WARN_STRICT_PROTOTYPES = YES;
				CLANG_WARN_SUSPICIOUS_MOVE = YES;
				CLANG_WARN_UNGUARDED_AVAILABILITY = YES_AGGRESSIVE;
				CLANG_WARN_UNREACHABLE_CODE = YES;
				CLANG_WARN__DUPLICATE_METHOD_MATCH = YES;
				COPY_PHASE_STRIP = NO;
				DEBUG_INFORMATION_FORMAT = dwarf;
				ENABLE_STRICT_OBJC_MSGSEND = YES;
				ENABLE_TESTABILITY = YES;
				GCC_C_LANGUAGE_STANDARD = gnu11;
				GCC_DYNAMIC_NO_PIC = NO;
				GCC_NO_COMMON_BLOCKS = YES;
				GCC_OPTIMIZATION_LEVEL = 0;
				GCC_PREPROCESSOR_DEFINITIONS = (
					"DEBUG=1",
					"$(inherited)",
				);
				GCC_WARN_64_TO_32_BIT_CONVERSION = YES;
				GCC_WARN_ABOUT_RETURN_TYPE = YES_ERROR;
				GCC_WARN_UNDECLARED_SELECTOR = YES;
				GCC_WARN_UNINITIALIZED_AUTOS = YES_AGGRESSIVE;
				GCC_WARN_UNUSED_FUNCTION = YES;
				GCC_WARN_UNUSED_VARIABLE = YES;
				IPHONEOS_DEPLOYMENT_TARGET = 16.1;
				MTL_ENABLE_DEBUG_INFO = INCLUDE_SOURCE;
				MTL_FAST_MATH = YES;
				ONLY_ACTIVE_ARCH = YES;
				SDKROOT = iphoneos;
				SWIFT_ACTIVE_COMPILATION_CONDITIONS = DEBUG;
				SWIFT_OPTIMIZATION_LEVEL = "-Onone";
			};
			name = Debug;
		};
		8CAD361A29C1FA4800886AA6 /* Release */ = {
			isa = XCBuildConfiguration;
			buildSettings = {
				ALWAYS_SEARCH_USER_PATHS = NO;
				CLANG_ANALYZER_NONNULL = YES;
				CLANG_ANALYZER_NUMBER_OBJECT_CONVERSION = YES_AGGRESSIVE;
				CLANG_CXX_LANGUAGE_STANDARD = "gnu++20";
				CLANG_ENABLE_MODULES = YES;
				CLANG_ENABLE_OBJC_ARC = YES;
				CLANG_ENABLE_OBJC_WEAK = YES;
				CLANG_WARN_BLOCK_CAPTURE_AUTORELEASING = YES;
				CLANG_WARN_BOOL_CONVERSION = YES;
				CLANG_WARN_COMMA = YES;
				CLANG_WARN_CONSTANT_CONVERSION = YES;
				CLANG_WARN_DEPRECATED_OBJC_IMPLEMENTATIONS = YES;
				CLANG_WARN_DIRECT_OBJC_ISA_USAGE = YES_ERROR;
				CLANG_WARN_DOCUMENTATION_COMMENTS = YES;
				CLANG_WARN_EMPTY_BODY = YES;
				CLANG_WARN_ENUM_CONVERSION = YES;
				CLANG_WARN_INFINITE_RECURSION = YES;
				CLANG_WARN_INT_CONVERSION = YES;
				CLANG_WARN_NON_LITERAL_NULL_CONVERSION = YES;
				CLANG_WARN_OBJC_IMPLICIT_RETAIN_SELF = YES;
				CLANG_WARN_OBJC_LITERAL_CONVERSION = YES;
				CLANG_WARN_OBJC_ROOT_CLASS = YES_ERROR;
				CLANG_WARN_QUOTED_INCLUDE_IN_FRAMEWORK_HEADER = YES;
				CLANG_WARN_RANGE_LOOP_ANALYSIS = YES;
				CLANG_WARN_STRICT_PROTOTYPES = YES;
				CLANG_WARN_SUSPICIOUS_MOVE = YES;
				CLANG_WARN_UNGUARDED_AVAILABILITY = YES_AGGRESSIVE;
				CLANG_WARN_UNREACHABLE_CODE = YES;
				CLANG_WARN__DUPLICATE_METHOD_MATCH = YES;
				COPY_PHASE_STRIP = NO;
				DEBUG_INFORMATION_FORMAT = "dwarf-with-dsym";
				ENABLE_NS_ASSERTIONS = NO;
				ENABLE_STRICT_OBJC_MSGSEND = YES;
				GCC_C_LANGUAGE_STANDARD = gnu11;
				GCC_NO_COMMON_BLOCKS = YES;
				GCC_WARN_64_TO_32_BIT_CONVERSION = YES;
				GCC_WARN_ABOUT_RETURN_TYPE = YES_ERROR;
				GCC_WARN_UNDECLARED_SELECTOR = YES;
				GCC_WARN_UNINITIALIZED_AUTOS = YES_AGGRESSIVE;
				GCC_WARN_UNUSED_FUNCTION = YES;
				GCC_WARN_UNUSED_VARIABLE = YES;
				IPHONEOS_DEPLOYMENT_TARGET = 16.1;
				MTL_ENABLE_DEBUG_INFO = NO;
				MTL_FAST_MATH = YES;
				SDKROOT = iphoneos;
				SWIFT_COMPILATION_MODE = wholemodule;
				SWIFT_OPTIMIZATION_LEVEL = "-O";
				VALIDATE_PRODUCT = YES;
			};
			name = Release;
		};
		8CAD361C29C1FA4800886AA6 /* Debug */ = {
			isa = XCBuildConfiguration;
			buildSettings = {
				ASSETCATALOG_COMPILER_APPICON_NAME = AppIcon;
				ASSETCATALOG_COMPILER_GLOBAL_ACCENT_COLOR_NAME = AccentColor;
				CODE_SIGN_STYLE = Automatic;
				CURRENT_PROJECT_VERSION = 1;
				GENERATE_INFOPLIST_FILE = YES;
				INFOPLIST_FILE = "Photo-Album/Resources/Config/Info.plist";
				INFOPLIST_KEY_UIApplicationSupportsIndirectInputEvents = YES;
				INFOPLIST_KEY_UILaunchStoryboardName = LaunchScreen;
				INFOPLIST_KEY_UIMainStoryboardFile = "";
				INFOPLIST_KEY_UISupportedInterfaceOrientations_iPad = "UIInterfaceOrientationPortrait UIInterfaceOrientationPortraitUpsideDown UIInterfaceOrientationLandscapeLeft UIInterfaceOrientationLandscapeRight";
				INFOPLIST_KEY_UISupportedInterfaceOrientations_iPhone = "UIInterfaceOrientationPortrait UIInterfaceOrientationLandscapeLeft UIInterfaceOrientationLandscapeRight";
				LD_RUNPATH_SEARCH_PATHS = (
					"$(inherited)",
					"@executable_path/Frameworks",
				);
				MARKETING_VERSION = 1.0;
				PRODUCT_BUNDLE_IDENTIFIER = "kz.Photo-Album";
				PRODUCT_NAME = "$(TARGET_NAME)";
				SWIFT_EMIT_LOC_STRINGS = YES;
				SWIFT_VERSION = 5.0;
				TARGETED_DEVICE_FAMILY = "1,2";
			};
			name = Debug;
		};
		8CAD361D29C1FA4800886AA6 /* Release */ = {
			isa = XCBuildConfiguration;
			buildSettings = {
				ASSETCATALOG_COMPILER_APPICON_NAME = AppIcon;
				ASSETCATALOG_COMPILER_GLOBAL_ACCENT_COLOR_NAME = AccentColor;
				CODE_SIGN_STYLE = Automatic;
				CURRENT_PROJECT_VERSION = 1;
				GENERATE_INFOPLIST_FILE = YES;
				INFOPLIST_FILE = "Photo-Album/Resources/Config/Info.plist";
				INFOPLIST_KEY_UIApplicationSupportsIndirectInputEvents = YES;
				INFOPLIST_KEY_UILaunchStoryboardName = LaunchScreen;
				INFOPLIST_KEY_UIMainStoryboardFile = "";
				INFOPLIST_KEY_UISupportedInterfaceOrientations_iPad = "UIInterfaceOrientationPortrait UIInterfaceOrientationPortraitUpsideDown UIInterfaceOrientationLandscapeLeft UIInterfaceOrientationLandscapeRight";
				INFOPLIST_KEY_UISupportedInterfaceOrientations_iPhone = "UIInterfaceOrientationPortrait UIInterfaceOrientationLandscapeLeft UIInterfaceOrientationLandscapeRight";
				LD_RUNPATH_SEARCH_PATHS = (
					"$(inherited)",
					"@executable_path/Frameworks",
				);
				MARKETING_VERSION = 1.0;
				PRODUCT_BUNDLE_IDENTIFIER = "kz.Photo-Album";
				PRODUCT_NAME = "$(TARGET_NAME)";
				SWIFT_EMIT_LOC_STRINGS = YES;
				SWIFT_VERSION = 5.0;
				TARGETED_DEVICE_FAMILY = "1,2";
			};
			name = Release;
		};
/* End XCBuildConfiguration section */

/* Begin XCConfigurationList section */
		8CAD360229C1FA4200886AA6 /* Build configuration list for PBXProject "Photo-Album" */ = {
			isa = XCConfigurationList;
			buildConfigurations = (
				8CAD361929C1FA4800886AA6 /* Debug */,
				8CAD361A29C1FA4800886AA6 /* Release */,
			);
			defaultConfigurationIsVisible = 0;
			defaultConfigurationName = Release;
		};
		8CAD361B29C1FA4800886AA6 /* Build configuration list for PBXNativeTarget "Photo-Album" */ = {
			isa = XCConfigurationList;
			buildConfigurations = (
				8CAD361C29C1FA4800886AA6 /* Debug */,
				8CAD361D29C1FA4800886AA6 /* Release */,
			);
			defaultConfigurationIsVisible = 0;
			defaultConfigurationName = Release;
		};
/* End XCConfigurationList section */

/* Begin XCRemoteSwiftPackageReference section */
		8CAD362329C2070600886AA6 /* XCRemoteSwiftPackageReference "SnapKit" */ = {
			isa = XCRemoteSwiftPackageReference;
			repositoryURL = "https://github.com/SnapKit/SnapKit.git";
			requirement = {
				kind = upToNextMinorVersion;
				minimumVersion = 5.6.0;
			};
		};
/* End XCRemoteSwiftPackageReference section */

/* Begin XCSwiftPackageProductDependency section */
		8CAD362429C2070600886AA6 /* SnapKit */ = {
			isa = XCSwiftPackageProductDependency;
			package = 8CAD362329C2070600886AA6 /* XCRemoteSwiftPackageReference "SnapKit" */;
			productName = SnapKit;
		};
/* End XCSwiftPackageProductDependency section */
	};
	rootObject = 8CAD35FF29C1FA4200886AA6 /* Project object */;
}
